
Microsoft Visual Studio Solution File, Format Version 12.00
# Visual Studio Version 17
VisualStudioVersion = 17.2.32616.157
MinimumVisualStudioVersion = 10.0.40219.1
Project("{FAE04EC0-301F-11D3-BF4B-00C04F79EFBC}") = "p01_SingleInheritance", "p01_SingleInheritance\p01_SingleInheritance.csproj", "{7D105D7D-053A-4F32-BCAE-7B2CAD4C8E48}"
EndProject
Project("{FAE04EC0-301F-11D3-BF4B-00C04F79EFBC}") = "p02_MultipleInheritance", "p02_MultipleInheritance\p02_MultipleInheritance.csproj", "{6C511C9D-296C-459E-BD38-6DD3DDE4FAF9}"
EndProject
Project("{FAE04EC0-301F-11D3-BF4B-00C04F79EFBC}") = "p03_HierarchicalInheritance", "p03_HierarchicalInheritance\p03_HierarchicalInheritance.csproj", "{F89E3D8E-C0F7-401F-9C43-7AB21CB0B58D}"
EndProject
Project("{FAE04EC0-301F-11D3-BF4B-00C04F79EFBC}") = "p04_RandomList", "p04_RandomList\p04_RandomList.csproj", "{6CFCF229-014C-4E27-972A-C5217ABA1F14}"
EndProject
Project("{FAE04EC0-301F-11D3-BF4B-00C04F79EFBC}") = "p05_StackOfStrings", "p05_StackOfStrings\p05_StackOfStrings.csproj", "{9D74B420-39D2-4AC4-AF40-A028C3AEAA94}"
EndProject
Global
	GlobalSection(SolutionConfigurationPlatforms) = preSolution
		Debug|Any CPU = Debug|Any CPU
		Release|Any CPU = Release|Any CPU
	EndGlobalSection
	GlobalSection(ProjectConfigurationPlatforms) = postSolution
		{7D105D7D-053A-4F32-BCAE-7B2CAD4C8E48}.Debug|Any CPU.ActiveCfg = Debug|Any CPU
		{7D105D7D-053A-4F32-BCAE-7B2CAD4C8E48}.Debug|Any CPU.Build.0 = Debug|Any CPU
		{7D105D7D-053A-4F32-BCAE-7B2CAD4C8E48}.Release|Any CPU.ActiveCfg = Release|Any CPU
		{7D105D7D-053A-4F32-BCAE-7B2CAD4C8E48}.Release|Any CPU.Build.0 = Release|Any CPU
		{6C511C9D-296C-459E-BD38-6DD3DDE4FAF9}.Debug|Any CPU.ActiveCfg = Debug|Any CPU
		{6C511C9D-296C-459E-BD38-6DD3DDE4FAF9}.Debug|Any CPU.Build.0 = Debug|Any CPU
		{6C511C9D-296C-459E-BD38-6DD3DDE4FAF9}.Release|Any CPU.ActiveCfg = Release|Any CPU
		{6C511C9D-296C-459E-BD38-6DD3DDE4FAF9}.Release|Any CPU.Build.0 = Release|Any CPU
		{F89E3D8E-C0F7-401F-9C43-7AB21CB0B58D}.Debug|Any CPU.ActiveCfg = Debug|Any CPU
		{F89E3D8E-C0F7-401F-9C43-7AB21CB0B58D}.Debug|Any CPU.Build.0 = Debug|Any CPU
		{F89E3D8E-C0F7-401F-9C43-7AB21CB0B58D}.Release|Any CPU.ActiveCfg = Release|Any CPU
		{F89E3D8E-C0F7-401F-9C43-7AB21CB0B58D}.Release|Any CPU.Build.0 = Release|Any CPU
		{6CFCF229-014C-4E27-972A-C5217ABA1F14}.Debug|Any CPU.ActiveCfg = Debug|Any CPU
		{6CFCF229-014C-4E27-972A-C5217ABA1F14}.Debug|Any CPU.Build.0 = Debug|Any CPU
		{6CFCF229-014C-4E27-972A-C5217ABA1F14}.Release|Any CPU.ActiveCfg = Release|Any CPU
		{6CFCF229-014C-4E27-972A-C5217ABA1F14}.Release|Any CPU.Build.0 = Release|Any CPU
		{9D74B420-39D2-4AC4-AF40-A028C3AEAA94}.Debug|Any CPU.ActiveCfg = Debug|Any CPU
		{9D74B420-39D2-4AC4-AF40-A028C3AEAA94}.Debug|Any CPU.Build.0 = Debug|Any CPU
		{9D74B420-39D2-4AC4-AF40-A028C3AEAA94}.Release|Any CPU.ActiveCfg = Release|Any CPU
		{9D74B420-39D2-4AC4-AF40-A028C3AEAA94}.Release|Any CPU.Build.0 = Release|Any CPU
	EndGlobalSection
	GlobalSection(SolutionProperties) = preSolution
		HideSolutionNode = FALSE
	EndGlobalSection
	GlobalSection(ExtensibilityGlobals) = postSolution
		SolutionGuid = {C57D77FB-A4B7-4791-AE2C-DFC0FD126400}
	EndGlobalSection
EndGlobal
