
Microsoft Visual Studio Solution File, Format Version 12.00
# Visual Studio Version 16
VisualStudioVersion = 16.0.31205.134
MinimumVisualStudioVersion = 10.0.40219.1
Project("{FAE04EC0-301F-11D3-BF4B-00C04F79EFBC}") = "SumSeconds", "SumSeconds\SumSeconds.csproj", "{C6732716-C522-4D13-8010-EA9AAEEB61EA}"
EndProject
Project("{FAE04EC0-301F-11D3-BF4B-00C04F79EFBC}") = "BonusScore", "BonusScore\BonusScore.csproj", "{92CB5483-7869-42DB-9184-61438142CFDA}"
EndProject
Project("{FAE04EC0-301F-11D3-BF4B-00C04F79EFBC}") = "Time15Minutes", "Time15Minutes\Time15Minutes.csproj", "{E4E00E1E-BC47-4CAE-A638-2335788F3D4E}"
EndProject
Project("{FAE04EC0-301F-11D3-BF4B-00C04F79EFBC}") = "ToyShop", "ToyShop\ToyShop.csproj", "{CA3F5234-5530-476E-BEA4-F1B06A966859}"
EndProject
Project("{FAE04EC0-301F-11D3-BF4B-00C04F79EFBC}") = "GodzillaVsKong", "GodzillaVsKong\GodzillaVsKong.csproj", "{E5FF5B38-C30D-4D03-A3C8-04FBF92B9C6F}"
EndProject
Project("{FAE04EC0-301F-11D3-BF4B-00C04F79EFBC}") = "WorldSwimmingRecord", "WorldSwimmingRecord\WorldSwimmingRecord.csproj", "{1B50700D-9C98-4C89-9063-8C8052AE6E47}"
EndProject
Project("{FAE04EC0-301F-11D3-BF4B-00C04F79EFBC}") = "Shopping", "Shopping\Shopping.csproj", "{5349B71E-E009-4880-9ACA-637F7432EFC7}"
EndProject
Project("{FAE04EC0-301F-11D3-BF4B-00C04F79EFBC}") = "LunchBreak", "LunchBreak\LunchBreak.csproj", "{D9686D88-62A5-4232-AD8B-3676FFB91046}"
EndProject
Global
	GlobalSection(SolutionConfigurationPlatforms) = preSolution
		Debug|Any CPU = Debug|Any CPU
		Release|Any CPU = Release|Any CPU
	EndGlobalSection
	GlobalSection(ProjectConfigurationPlatforms) = postSolution
		{C6732716-C522-4D13-8010-EA9AAEEB61EA}.Debug|Any CPU.ActiveCfg = Debug|Any CPU
		{C6732716-C522-4D13-8010-EA9AAEEB61EA}.Debug|Any CPU.Build.0 = Debug|Any CPU
		{C6732716-C522-4D13-8010-EA9AAEEB61EA}.Release|Any CPU.ActiveCfg = Release|Any CPU
		{C6732716-C522-4D13-8010-EA9AAEEB61EA}.Release|Any CPU.Build.0 = Release|Any CPU
		{92CB5483-7869-42DB-9184-61438142CFDA}.Debug|Any CPU.ActiveCfg = Debug|Any CPU
		{92CB5483-7869-42DB-9184-61438142CFDA}.Debug|Any CPU.Build.0 = Debug|Any CPU
		{92CB5483-7869-42DB-9184-61438142CFDA}.Release|Any CPU.ActiveCfg = Release|Any CPU
		{92CB5483-7869-42DB-9184-61438142CFDA}.Release|Any CPU.Build.0 = Release|Any CPU
		{E4E00E1E-BC47-4CAE-A638-2335788F3D4E}.Debug|Any CPU.ActiveCfg = Debug|Any CPU
		{E4E00E1E-BC47-4CAE-A638-2335788F3D4E}.Debug|Any CPU.Build.0 = Debug|Any CPU
		{E4E00E1E-BC47-4CAE-A638-2335788F3D4E}.Release|Any CPU.ActiveCfg = Release|Any CPU
		{E4E00E1E-BC47-4CAE-A638-2335788F3D4E}.Release|Any CPU.Build.0 = Release|Any CPU
		{CA3F5234-5530-476E-BEA4-F1B06A966859}.Debug|Any CPU.ActiveCfg = Debug|Any CPU
		{CA3F5234-5530-476E-BEA4-F1B06A966859}.Debug|Any CPU.Build.0 = Debug|Any CPU
		{CA3F5234-5530-476E-BEA4-F1B06A966859}.Release|Any CPU.ActiveCfg = Release|Any CPU
		{CA3F5234-5530-476E-BEA4-F1B06A966859}.Release|Any CPU.Build.0 = Release|Any CPU
		{E5FF5B38-C30D-4D03-A3C8-04FBF92B9C6F}.Debug|Any CPU.ActiveCfg = Debug|Any CPU
		{E5FF5B38-C30D-4D03-A3C8-04FBF92B9C6F}.Debug|Any CPU.Build.0 = Debug|Any CPU
		{E5FF5B38-C30D-4D03-A3C8-04FBF92B9C6F}.Release|Any CPU.ActiveCfg = Release|Any CPU
		{E5FF5B38-C30D-4D03-A3C8-04FBF92B9C6F}.Release|Any CPU.Build.0 = Release|Any CPU
		{1B50700D-9C98-4C89-9063-8C8052AE6E47}.Debug|Any CPU.ActiveCfg = Debug|Any CPU
		{1B50700D-9C98-4C89-9063-8C8052AE6E47}.Debug|Any CPU.Build.0 = Debug|Any CPU
		{1B50700D-9C98-4C89-9063-8C8052AE6E47}.Release|Any CPU.ActiveCfg = Release|Any CPU
		{1B50700D-9C98-4C89-9063-8C8052AE6E47}.Release|Any CPU.Build.0 = Release|Any CPU
		{5349B71E-E009-4880-9ACA-637F7432EFC7}.Debug|Any CPU.ActiveCfg = Debug|Any CPU
		{5349B71E-E009-4880-9ACA-637F7432EFC7}.Debug|Any CPU.Build.0 = Debug|Any CPU
		{5349B71E-E009-4880-9ACA-637F7432EFC7}.Release|Any CPU.ActiveCfg = Release|Any CPU
		{5349B71E-E009-4880-9ACA-637F7432EFC7}.Release|Any CPU.Build.0 = Release|Any CPU
		{D9686D88-62A5-4232-AD8B-3676FFB91046}.Debug|Any CPU.ActiveCfg = Debug|Any CPU
		{D9686D88-62A5-4232-AD8B-3676FFB91046}.Debug|Any CPU.Build.0 = Debug|Any CPU
		{D9686D88-62A5-4232-AD8B-3676FFB91046}.Release|Any CPU.ActiveCfg = Release|Any CPU
		{D9686D88-62A5-4232-AD8B-3676FFB91046}.Release|Any CPU.Build.0 = Release|Any CPU
	EndGlobalSection
	GlobalSection(SolutionProperties) = preSolution
		HideSolutionNode = FALSE
	EndGlobalSection
	GlobalSection(ExtensibilityGlobals) = postSolution
		SolutionGuid = {B86AF2EF-9940-4642-82DA-D87D76D285F0}
	EndGlobalSection
EndGlobal
