
Microsoft Visual Studio Solution File, Format Version 12.00
# Visual Studio Version 17
VisualStudioVersion = 17.2.32616.157
MinimumVisualStudioVersion = 10.0.40219.1
Project("{FAE04EC0-301F-11D3-BF4B-00C04F79EFBC}") = "p01_MathOperations", "p01_MathOperations\p01_MathOperations.csproj", "{2A2C8CFE-7336-4ECE-8AC8-D25C9D960BB5}"
EndProject
Project("{FAE04EC0-301F-11D3-BF4B-00C04F79EFBC}") = "p02_Animals", "p02_Animals\p02_Animals.csproj", "{EFEC5072-6E0E-4765-AB1C-8165DB8546A7}"
EndProject
Project("{FAE04EC0-301F-11D3-BF4B-00C04F79EFBC}") = "p03_Shapes", "p03_Shapes\p03_Shapes.csproj", "{60524C45-686D-4288-9AB0-2B841748E0EE}"
EndProject
Global
	GlobalSection(SolutionConfigurationPlatforms) = preSolution
		Debug|Any CPU = Debug|Any CPU
		Release|Any CPU = Release|Any CPU
	EndGlobalSection
	GlobalSection(ProjectConfigurationPlatforms) = postSolution
		{2A2C8CFE-7336-4ECE-8AC8-D25C9D960BB5}.Debug|Any CPU.ActiveCfg = Debug|Any CPU
		{2A2C8CFE-7336-4ECE-8AC8-D25C9D960BB5}.Debug|Any CPU.Build.0 = Debug|Any CPU
		{2A2C8CFE-7336-4ECE-8AC8-D25C9D960BB5}.Release|Any CPU.ActiveCfg = Release|Any CPU
		{2A2C8CFE-7336-4ECE-8AC8-D25C9D960BB5}.Release|Any CPU.Build.0 = Release|Any CPU
		{EFEC5072-6E0E-4765-AB1C-8165DB8546A7}.Debug|Any CPU.ActiveCfg = Debug|Any CPU
		{EFEC5072-6E0E-4765-AB1C-8165DB8546A7}.Debug|Any CPU.Build.0 = Debug|Any CPU
		{EFEC5072-6E0E-4765-AB1C-8165DB8546A7}.Release|Any CPU.ActiveCfg = Release|Any CPU
		{EFEC5072-6E0E-4765-AB1C-8165DB8546A7}.Release|Any CPU.Build.0 = Release|Any CPU
		{60524C45-686D-4288-9AB0-2B841748E0EE}.Debug|Any CPU.ActiveCfg = Debug|Any CPU
		{60524C45-686D-4288-9AB0-2B841748E0EE}.Debug|Any CPU.Build.0 = Debug|Any CPU
		{60524C45-686D-4288-9AB0-2B841748E0EE}.Release|Any CPU.ActiveCfg = Release|Any CPU
		{60524C45-686D-4288-9AB0-2B841748E0EE}.Release|Any CPU.Build.0 = Release|Any CPU
	EndGlobalSection
	GlobalSection(SolutionProperties) = preSolution
		HideSolutionNode = FALSE
	EndGlobalSection
	GlobalSection(ExtensibilityGlobals) = postSolution
		SolutionGuid = {E2F74D04-CCE5-4A69-A402-CD64C3163334}
	EndGlobalSection
EndGlobal
