
Microsoft Visual Studio Solution File, Format Version 12.00
# Visual Studio Version 17
VisualStudioVersion = 17.2.32616.157
MinimumVisualStudioVersion = 10.0.40219.1
Project("{9A19103F-16F7-4668-BE54-9A1E7A4F7556}") = "p01_PersonInfo", "p01_PersonInfo\p01_PersonInfo.csproj", "{1D875FBE-FB1D-4680-A4D2-09DDDDF033D4}"
EndProject
Project("{9A19103F-16F7-4668-BE54-9A1E7A4F7556}") = "p02_MultipleImplementation", "p02_MultipleImplementation\p02_MultipleImplementation.csproj", "{FB3CF74E-E83F-43E8-9826-DA03ADBB3FC5}"
EndProject
Project("{9A19103F-16F7-4668-BE54-9A1E7A4F7556}") = "p03_Telephony", "p03_Telephony\p03_Telephony.csproj", "{8562C86D-2D31-4216-A02D-B81E773F6C59}"
EndProject
Project("{9A19103F-16F7-4668-BE54-9A1E7A4F7556}") = "p04_BorderControl", "p04_BorderControl\p04_BorderControl.csproj", "{59191076-9151-4EC6-8980-D5D85D2EEFED}"
EndProject
Project("{9A19103F-16F7-4668-BE54-9A1E7A4F7556}") = "p05_BirthdayCelebrations", "p05_BirthdayCelebrations\p05_BirthdayCelebrations.csproj", "{18027AA8-249F-463F-A672-D406858BC045}"
EndProject
Project("{9A19103F-16F7-4668-BE54-9A1E7A4F7556}") = "p06_FoodShortage", "p06_FoodShortage\p06_FoodShortage.csproj", "{EA587F8A-4E8F-4634-9925-2BAD724CBD17}"
EndProject
Project("{9A19103F-16F7-4668-BE54-9A1E7A4F7556}") = "p07_MilitaryElite", "p07_MilitaryElite\p07_MilitaryElite.csproj", "{13146A46-237A-466D-8309-F158BFF5F9AA}"
EndProject
Project("{9A19103F-16F7-4668-BE54-9A1E7A4F7556}") = "p08_CollectionHierarchy", "p08_CollectionHierarchy\p08_CollectionHierarchy.csproj", "{DD3E555E-E78C-49C5-AB39-CC6C2EB754C1}"
EndProject
Project("{FAE04EC0-301F-11D3-BF4B-00C04F79EFBC}") = "p09_ExplicitInterfaces", "p09_ExplicitInterfaces\p09_ExplicitInterfaces.csproj", "{B3EA1D31-5499-4A7A-B78B-62AF980C5031}"
EndProject
Global
	GlobalSection(SolutionConfigurationPlatforms) = preSolution
		Debug|Any CPU = Debug|Any CPU
		Release|Any CPU = Release|Any CPU
	EndGlobalSection
	GlobalSection(ProjectConfigurationPlatforms) = postSolution
		{1D875FBE-FB1D-4680-A4D2-09DDDDF033D4}.Debug|Any CPU.ActiveCfg = Debug|Any CPU
		{1D875FBE-FB1D-4680-A4D2-09DDDDF033D4}.Debug|Any CPU.Build.0 = Debug|Any CPU
		{1D875FBE-FB1D-4680-A4D2-09DDDDF033D4}.Release|Any CPU.ActiveCfg = Release|Any CPU
		{1D875FBE-FB1D-4680-A4D2-09DDDDF033D4}.Release|Any CPU.Build.0 = Release|Any CPU
		{FB3CF74E-E83F-43E8-9826-DA03ADBB3FC5}.Debug|Any CPU.ActiveCfg = Debug|Any CPU
		{FB3CF74E-E83F-43E8-9826-DA03ADBB3FC5}.Debug|Any CPU.Build.0 = Debug|Any CPU
		{FB3CF74E-E83F-43E8-9826-DA03ADBB3FC5}.Release|Any CPU.ActiveCfg = Release|Any CPU
		{FB3CF74E-E83F-43E8-9826-DA03ADBB3FC5}.Release|Any CPU.Build.0 = Release|Any CPU
		{8562C86D-2D31-4216-A02D-B81E773F6C59}.Debug|Any CPU.ActiveCfg = Debug|Any CPU
		{8562C86D-2D31-4216-A02D-B81E773F6C59}.Debug|Any CPU.Build.0 = Debug|Any CPU
		{8562C86D-2D31-4216-A02D-B81E773F6C59}.Release|Any CPU.ActiveCfg = Release|Any CPU
		{8562C86D-2D31-4216-A02D-B81E773F6C59}.Release|Any CPU.Build.0 = Release|Any CPU
		{59191076-9151-4EC6-8980-D5D85D2EEFED}.Debug|Any CPU.ActiveCfg = Debug|Any CPU
		{59191076-9151-4EC6-8980-D5D85D2EEFED}.Debug|Any CPU.Build.0 = Debug|Any CPU
		{59191076-9151-4EC6-8980-D5D85D2EEFED}.Release|Any CPU.ActiveCfg = Release|Any CPU
		{59191076-9151-4EC6-8980-D5D85D2EEFED}.Release|Any CPU.Build.0 = Release|Any CPU
		{18027AA8-249F-463F-A672-D406858BC045}.Debug|Any CPU.ActiveCfg = Debug|Any CPU
		{18027AA8-249F-463F-A672-D406858BC045}.Debug|Any CPU.Build.0 = Debug|Any CPU
		{18027AA8-249F-463F-A672-D406858BC045}.Release|Any CPU.ActiveCfg = Release|Any CPU
		{18027AA8-249F-463F-A672-D406858BC045}.Release|Any CPU.Build.0 = Release|Any CPU
		{EA587F8A-4E8F-4634-9925-2BAD724CBD17}.Debug|Any CPU.ActiveCfg = Debug|Any CPU
		{EA587F8A-4E8F-4634-9925-2BAD724CBD17}.Debug|Any CPU.Build.0 = Debug|Any CPU
		{EA587F8A-4E8F-4634-9925-2BAD724CBD17}.Release|Any CPU.ActiveCfg = Release|Any CPU
		{EA587F8A-4E8F-4634-9925-2BAD724CBD17}.Release|Any CPU.Build.0 = Release|Any CPU
		{13146A46-237A-466D-8309-F158BFF5F9AA}.Debug|Any CPU.ActiveCfg = Debug|Any CPU
		{13146A46-237A-466D-8309-F158BFF5F9AA}.Debug|Any CPU.Build.0 = Debug|Any CPU
		{13146A46-237A-466D-8309-F158BFF5F9AA}.Release|Any CPU.ActiveCfg = Release|Any CPU
		{13146A46-237A-466D-8309-F158BFF5F9AA}.Release|Any CPU.Build.0 = Release|Any CPU
		{DD3E555E-E78C-49C5-AB39-CC6C2EB754C1}.Debug|Any CPU.ActiveCfg = Debug|Any CPU
		{DD3E555E-E78C-49C5-AB39-CC6C2EB754C1}.Debug|Any CPU.Build.0 = Debug|Any CPU
		{DD3E555E-E78C-49C5-AB39-CC6C2EB754C1}.Release|Any CPU.ActiveCfg = Release|Any CPU
		{DD3E555E-E78C-49C5-AB39-CC6C2EB754C1}.Release|Any CPU.Build.0 = Release|Any CPU
		{B3EA1D31-5499-4A7A-B78B-62AF980C5031}.Debug|Any CPU.ActiveCfg = Debug|Any CPU
		{B3EA1D31-5499-4A7A-B78B-62AF980C5031}.Debug|Any CPU.Build.0 = Debug|Any CPU
		{B3EA1D31-5499-4A7A-B78B-62AF980C5031}.Release|Any CPU.ActiveCfg = Release|Any CPU
		{B3EA1D31-5499-4A7A-B78B-62AF980C5031}.Release|Any CPU.Build.0 = Release|Any CPU
	EndGlobalSection
	GlobalSection(SolutionProperties) = preSolution
		HideSolutionNode = FALSE
	EndGlobalSection
	GlobalSection(ExtensibilityGlobals) = postSolution
		SolutionGuid = {297EB859-FC85-4F08-96F9-F7BF3D38BFED}
	EndGlobalSection
EndGlobal
