
Microsoft Visual Studio Solution File, Format Version 12.00
# Visual Studio Version 17
VisualStudioVersion = 17.0.32014.148
MinimumVisualStudioVersion = 10.0.40219.1
Project("{FAE04EC0-301F-11D3-BF4B-00C04F79EFBC}") = "ConvertMetersToKilometers", "ConvertMetersToKilometers\ConvertMetersToKilometers.csproj", "{B2A52282-AF96-457F-A96E-97C3DC2E07D2}"
EndProject
Project("{FAE04EC0-301F-11D3-BF4B-00C04F79EFBC}") = "PoundsToDollars", "PoundsToDollars\PoundsToDollars.csproj", "{4200E5EF-BEB1-448E-A6B9-86CC4B9BE2D5}"
EndProject
Project("{FAE04EC0-301F-11D3-BF4B-00C04F79EFBC}") = "ExactSumOfRealNumbers", "ExactSumOfRealNumbers\ExactSumOfRealNumbers.csproj", "{BDB5DF40-C568-44F0-8C3F-426387ECA3FC}"
EndProject
Project("{FAE04EC0-301F-11D3-BF4B-00C04F79EFBC}") = "CenturiesToMinutes", "CenturiesToMinutes\CenturiesToMinutes.csproj", "{C0319E80-0AED-4C58-8F0F-D6878AEB596C}"
EndProject
Project("{FAE04EC0-301F-11D3-BF4B-00C04F79EFBC}") = "SpecialNumbers", "SpecialNumbers\SpecialNumbers.csproj", "{B96B9D9F-5446-4CC6-A9A6-04DAAE636FF9}"
EndProject
Project("{FAE04EC0-301F-11D3-BF4B-00C04F79EFBC}") = "ReversedChars", "ReversedChars\ReversedChars.csproj", "{90368852-2AAF-44B6-87DD-A4D496B6B47D}"
EndProject
Project("{FAE04EC0-301F-11D3-BF4B-00C04F79EFBC}") = "ConcatNames", "ConcatNames\ConcatNames.csproj", "{48B3A4B3-1C00-46A5-8AA7-D1EC9916E590}"
EndProject
Project("{FAE04EC0-301F-11D3-BF4B-00C04F79EFBC}") = "TownInfo", "TownInfo\TownInfo.csproj", "{2D88E4E6-5D56-405F-9612-7018B62967B9}"
EndProject
Project("{FAE04EC0-301F-11D3-BF4B-00C04F79EFBC}") = "CharsToString", "CharsToString\CharsToString.csproj", "{FDC1B0D6-9894-4F1A-8289-C9C6CC1FBCFD}"
EndProject
Project("{FAE04EC0-301F-11D3-BF4B-00C04F79EFBC}") = "LowerOrUpper", "LowerOrUpper\LowerOrUpper.csproj", "{0CFC62EB-6479-4435-9B00-B48B0A42521B}"
EndProject
Project("{FAE04EC0-301F-11D3-BF4B-00C04F79EFBC}") = "RefactorVolumeOfPyramid", "RefactorVolumeOfPyramid\RefactorVolumeOfPyramid.csproj", "{AF1DAF3C-0B60-4D6D-A0E8-865CA43CE13F}"
EndProject
Project("{FAE04EC0-301F-11D3-BF4B-00C04F79EFBC}") = "RefactorSpecialNumbers", "RefactorSpecialNumbers\RefactorSpecialNumbers.csproj", "{1461D823-8925-4671-A283-22EC38AC4CDF}"
EndProject
Global
	GlobalSection(SolutionConfigurationPlatforms) = preSolution
		Debug|Any CPU = Debug|Any CPU
		Release|Any CPU = Release|Any CPU
	EndGlobalSection
	GlobalSection(ProjectConfigurationPlatforms) = postSolution
		{B2A52282-AF96-457F-A96E-97C3DC2E07D2}.Debug|Any CPU.ActiveCfg = Debug|Any CPU
		{B2A52282-AF96-457F-A96E-97C3DC2E07D2}.Debug|Any CPU.Build.0 = Debug|Any CPU
		{B2A52282-AF96-457F-A96E-97C3DC2E07D2}.Release|Any CPU.ActiveCfg = Release|Any CPU
		{B2A52282-AF96-457F-A96E-97C3DC2E07D2}.Release|Any CPU.Build.0 = Release|Any CPU
		{4200E5EF-BEB1-448E-A6B9-86CC4B9BE2D5}.Debug|Any CPU.ActiveCfg = Debug|Any CPU
		{4200E5EF-BEB1-448E-A6B9-86CC4B9BE2D5}.Debug|Any CPU.Build.0 = Debug|Any CPU
		{4200E5EF-BEB1-448E-A6B9-86CC4B9BE2D5}.Release|Any CPU.ActiveCfg = Release|Any CPU
		{4200E5EF-BEB1-448E-A6B9-86CC4B9BE2D5}.Release|Any CPU.Build.0 = Release|Any CPU
		{BDB5DF40-C568-44F0-8C3F-426387ECA3FC}.Debug|Any CPU.ActiveCfg = Debug|Any CPU
		{BDB5DF40-C568-44F0-8C3F-426387ECA3FC}.Debug|Any CPU.Build.0 = Debug|Any CPU
		{BDB5DF40-C568-44F0-8C3F-426387ECA3FC}.Release|Any CPU.ActiveCfg = Release|Any CPU
		{BDB5DF40-C568-44F0-8C3F-426387ECA3FC}.Release|Any CPU.Build.0 = Release|Any CPU
		{C0319E80-0AED-4C58-8F0F-D6878AEB596C}.Debug|Any CPU.ActiveCfg = Debug|Any CPU
		{C0319E80-0AED-4C58-8F0F-D6878AEB596C}.Debug|Any CPU.Build.0 = Debug|Any CPU
		{C0319E80-0AED-4C58-8F0F-D6878AEB596C}.Release|Any CPU.ActiveCfg = Release|Any CPU
		{C0319E80-0AED-4C58-8F0F-D6878AEB596C}.Release|Any CPU.Build.0 = Release|Any CPU
		{B96B9D9F-5446-4CC6-A9A6-04DAAE636FF9}.Debug|Any CPU.ActiveCfg = Debug|Any CPU
		{B96B9D9F-5446-4CC6-A9A6-04DAAE636FF9}.Debug|Any CPU.Build.0 = Debug|Any CPU
		{B96B9D9F-5446-4CC6-A9A6-04DAAE636FF9}.Release|Any CPU.ActiveCfg = Release|Any CPU
		{B96B9D9F-5446-4CC6-A9A6-04DAAE636FF9}.Release|Any CPU.Build.0 = Release|Any CPU
		{90368852-2AAF-44B6-87DD-A4D496B6B47D}.Debug|Any CPU.ActiveCfg = Debug|Any CPU
		{90368852-2AAF-44B6-87DD-A4D496B6B47D}.Debug|Any CPU.Build.0 = Debug|Any CPU
		{90368852-2AAF-44B6-87DD-A4D496B6B47D}.Release|Any CPU.ActiveCfg = Release|Any CPU
		{90368852-2AAF-44B6-87DD-A4D496B6B47D}.Release|Any CPU.Build.0 = Release|Any CPU
		{48B3A4B3-1C00-46A5-8AA7-D1EC9916E590}.Debug|Any CPU.ActiveCfg = Debug|Any CPU
		{48B3A4B3-1C00-46A5-8AA7-D1EC9916E590}.Debug|Any CPU.Build.0 = Debug|Any CPU
		{48B3A4B3-1C00-46A5-8AA7-D1EC9916E590}.Release|Any CPU.ActiveCfg = Release|Any CPU
		{48B3A4B3-1C00-46A5-8AA7-D1EC9916E590}.Release|Any CPU.Build.0 = Release|Any CPU
		{2D88E4E6-5D56-405F-9612-7018B62967B9}.Debug|Any CPU.ActiveCfg = Debug|Any CPU
		{2D88E4E6-5D56-405F-9612-7018B62967B9}.Debug|Any CPU.Build.0 = Debug|Any CPU
		{2D88E4E6-5D56-405F-9612-7018B62967B9}.Release|Any CPU.ActiveCfg = Release|Any CPU
		{2D88E4E6-5D56-405F-9612-7018B62967B9}.Release|Any CPU.Build.0 = Release|Any CPU
		{FDC1B0D6-9894-4F1A-8289-C9C6CC1FBCFD}.Debug|Any CPU.ActiveCfg = Debug|Any CPU
		{FDC1B0D6-9894-4F1A-8289-C9C6CC1FBCFD}.Debug|Any CPU.Build.0 = Debug|Any CPU
		{FDC1B0D6-9894-4F1A-8289-C9C6CC1FBCFD}.Release|Any CPU.ActiveCfg = Release|Any CPU
		{FDC1B0D6-9894-4F1A-8289-C9C6CC1FBCFD}.Release|Any CPU.Build.0 = Release|Any CPU
		{0CFC62EB-6479-4435-9B00-B48B0A42521B}.Debug|Any CPU.ActiveCfg = Debug|Any CPU
		{0CFC62EB-6479-4435-9B00-B48B0A42521B}.Debug|Any CPU.Build.0 = Debug|Any CPU
		{0CFC62EB-6479-4435-9B00-B48B0A42521B}.Release|Any CPU.ActiveCfg = Release|Any CPU
		{0CFC62EB-6479-4435-9B00-B48B0A42521B}.Release|Any CPU.Build.0 = Release|Any CPU
		{AF1DAF3C-0B60-4D6D-A0E8-865CA43CE13F}.Debug|Any CPU.ActiveCfg = Debug|Any CPU
		{AF1DAF3C-0B60-4D6D-A0E8-865CA43CE13F}.Debug|Any CPU.Build.0 = Debug|Any CPU
		{AF1DAF3C-0B60-4D6D-A0E8-865CA43CE13F}.Release|Any CPU.ActiveCfg = Release|Any CPU
		{AF1DAF3C-0B60-4D6D-A0E8-865CA43CE13F}.Release|Any CPU.Build.0 = Release|Any CPU
		{1461D823-8925-4671-A283-22EC38AC4CDF}.Debug|Any CPU.ActiveCfg = Debug|Any CPU
		{1461D823-8925-4671-A283-22EC38AC4CDF}.Debug|Any CPU.Build.0 = Debug|Any CPU
		{1461D823-8925-4671-A283-22EC38AC4CDF}.Release|Any CPU.ActiveCfg = Release|Any CPU
		{1461D823-8925-4671-A283-22EC38AC4CDF}.Release|Any CPU.Build.0 = Release|Any CPU
	EndGlobalSection
	GlobalSection(SolutionProperties) = preSolution
		HideSolutionNode = FALSE
	EndGlobalSection
	GlobalSection(ExtensibilityGlobals) = postSolution
		SolutionGuid = {8E5986DD-0CF0-4CE7-8503-E595E9E74FFC}
	EndGlobalSection
EndGlobal
